// !$*UTF8*$!
{
	archiveVersion = 1;
	classes = {
	};
	objectVersion = 56;
	objects = {

/* Begin PBXBuildFile section */
		D826DC562B712D0E005A6723 /* garage_iosApp.swift in Sources */ = {isa = PBXBuildFile; fileRef = D826DC552B712D0E005A6723 /* garage_iosApp.swift */; };
		D826DC582B712D0E005A6723 /* ContentView.swift in Sources */ = {isa = PBXBuildFile; fileRef = D826DC572B712D0E005A6723 /* ContentView.swift */; };
		D826DC5A2B712D0F005A6723 /* Assets.xcassets in Resources */ = {isa = PBXBuildFile; fileRef = D826DC592B712D0F005A6723 /* Assets.xcassets */; };
		D826DC5E2B712D0F005A6723 /* Preview Assets.xcassets in Resources */ = {isa = PBXBuildFile; fileRef = D826DC5D2B712D0F005A6723 /* Preview Assets.xcassets */; };
		D826DC682B712D0F005A6723 /* garage_iosTests.swift in Sources */ = {isa = PBXBuildFile; fileRef = D826DC672B712D0F005A6723 /* garage_iosTests.swift */; };
		D826DC722B712D0F005A6723 /* garage_iosUITests.swift in Sources */ = {isa = PBXBuildFile; fileRef = D826DC712B712D0F005A6723 /* garage_iosUITests.swift */; };
		D826DC742B712D0F005A6723 /* garage_iosUITestsLaunchTests.swift in Sources */ = {isa = PBXBuildFile; fileRef = D826DC732B712D0F005A6723 /* garage_iosUITestsLaunchTests.swift */; };
/* End PBXBuildFile section */

/* Begin PBXContainerItemProxy section */
		D826DC642B712D0F005A6723 /* PBXContainerItemProxy */ = {
			isa = PBXContainerItemProxy;
			containerPortal = D826DC4A2B712D0E005A6723 /* Project object */;
			proxyType = 1;
			remoteGlobalIDString = D826DC512B712D0E005A6723;
			remoteInfo = "garage-ios";
		};
		D826DC6E2B712D0F005A6723 /* PBXContainerItemProxy */ = {
			isa = PBXContainerItemProxy;
			containerPortal = D826DC4A2B712D0E005A6723 /* Project object */;
			proxyType = 1;
			remoteGlobalIDString = D826DC512B712D0E005A6723;
			remoteInfo = "garage-ios";
		};
/* End PBXContainerItemProxy section */

/* Begin PBXFileReference section */
		D826DC522B712D0E005A6723 /* garage-ios.app */ = {isa = PBXFileReference; explicitFileType = wrapper.application; includeInIndex = 0; path = "garage-ios.app"; sourceTree = BUILT_PRODUCTS_DIR; };
		D826DC552B712D0E005A6723 /* garage_iosApp.swift */ = {isa = PBXFileReference; lastKnownFileType = sourcecode.swift; path = garage_iosApp.swift; sourceTree = "<group>"; };
		D826DC572B712D0E005A6723 /* ContentView.swift */ = {isa = PBXFileReference; lastKnownFileType = sourcecode.swift; path = ContentView.swift; sourceTree = "<group>"; };
		D826DC592B712D0F005A6723 /* Assets.xcassets */ = {isa = PBXFileReference; lastKnownFileType = folder.assetcatalog; path = Assets.xcassets; sourceTree = "<group>"; };
		D826DC5B2B712D0F005A6723 /* garage_ios.entitlements */ = {isa = PBXFileReference; lastKnownFileType = text.plist.entitlements; path = garage_ios.entitlements; sourceTree = "<group>"; };
		D826DC5D2B712D0F005A6723 /* Preview Assets.xcassets */ = {isa = PBXFileReference; lastKnownFileType = folder.assetcatalog; path = "Preview Assets.xcassets"; sourceTree = "<group>"; };
		D826DC632B712D0F005A6723 /* garage-iosTests.xctest */ = {isa = PBXFileReference; explicitFileType = wrapper.cfbundle; includeInIndex = 0; path = "garage-iosTests.xctest"; sourceTree = BUILT_PRODUCTS_DIR; };
		D826DC672B712D0F005A6723 /* garage_iosTests.swift */ = {isa = PBXFileReference; lastKnownFileType = sourcecode.swift; path = garage_iosTests.swift; sourceTree = "<group>"; };
		D826DC6D2B712D0F005A6723 /* garage-iosUITests.xctest */ = {isa = PBXFileReference; explicitFileType = wrapper.cfbundle; includeInIndex = 0; path = "garage-iosUITests.xctest"; sourceTree = BUILT_PRODUCTS_DIR; };
		D826DC712B712D0F005A6723 /* garage_iosUITests.swift */ = {isa = PBXFileReference; lastKnownFileType = sourcecode.swift; path = garage_iosUITests.swift; sourceTree = "<group>"; };
		D826DC732B712D0F005A6723 /* garage_iosUITestsLaunchTests.swift */ = {isa = PBXFileReference; lastKnownFileType = sourcecode.swift; path = garage_iosUITestsLaunchTests.swift; sourceTree = "<group>"; };
/* End PBXFileReference section */

/* Begin PBXFrameworksBuildPhase section */
		D826DC4F2B712D0E005A6723 /* Frameworks */ = {
			isa = PBXFrameworksBuildPhase;
			buildActionMask = 2147483647;
			files = (
			);
			runOnlyForDeploymentPostprocessing = 0;
		};
		D826DC602B712D0F005A6723 /* Frameworks */ = {
			isa = PBXFrameworksBuildPhase;
			buildActionMask = 2147483647;
			files = (
			);
			runOnlyForDeploymentPostprocessing = 0;
		};
		D826DC6A2B712D0F005A6723 /* Frameworks */ = {
			isa = PBXFrameworksBuildPhase;
			buildActionMask = 2147483647;
			files = (
			);
			runOnlyForDeploymentPostprocessing = 0;
		};
/* End PBXFrameworksBuildPhase section */

/* Begin PBXGroup section */
		D826DC492B712D0E005A6723 = {
			isa = PBXGroup;
			children = (
				D826DC542B712D0E005A6723 /* garage-ios */,
				D826DC662B712D0F005A6723 /* garage-iosTests */,
				D826DC702B712D0F005A6723 /* garage-iosUITests */,
				D826DC532B712D0E005A6723 /* Products */,
			);
			sourceTree = "<group>";
		};
		D826DC532B712D0E005A6723 /* Products */ = {
			isa = PBXGroup;
			children = (
				D826DC522B712D0E005A6723 /* garage-ios.app */,
				D826DC632B712D0F005A6723 /* garage-iosTests.xctest */,
				D826DC6D2B712D0F005A6723 /* garage-iosUITests.xctest */,
			);
			name = Products;
			sourceTree = "<group>";
		};
		D826DC542B712D0E005A6723 /* garage-ios */ = {
			isa = PBXGroup;
			children = (
				D826DC552B712D0E005A6723 /* garage_iosApp.swift */,
				D826DC572B712D0E005A6723 /* ContentView.swift */,
				D826DC592B712D0F005A6723 /* Assets.xcassets */,
				D826DC5B2B712D0F005A6723 /* garage_ios.entitlements */,
				D826DC5C2B712D0F005A6723 /* Preview Content */,
			);
			path = "garage-ios";
			sourceTree = "<group>";
		};
		D826DC5C2B712D0F005A6723 /* Preview Content */ = {
			isa = PBXGroup;
			children = (
				D826DC5D2B712D0F005A6723 /* Preview Assets.xcassets */,
			);
			path = "Preview Content";
			sourceTree = "<group>";
		};
		D826DC662B712D0F005A6723 /* garage-iosTests */ = {
			isa = PBXGroup;
			children = (
				D826DC672B712D0F005A6723 /* garage_iosTests.swift */,
			);
			path = "garage-iosTests";
			sourceTree = "<group>";
		};
		D826DC702B712D0F005A6723 /* garage-iosUITests */ = {
			isa = PBXGroup;
			children = (
				D826DC712B712D0F005A6723 /* garage_iosUITests.swift */,
				D826DC732B712D0F005A6723 /* garage_iosUITestsLaunchTests.swift */,
			);
			path = "garage-iosUITests";
			sourceTree = "<group>";
		};
/* End PBXGroup section */

/* Begin PBXNativeTarget section */
		D826DC512B712D0E005A6723 /* garage-ios */ = {
			isa = PBXNativeTarget;
			buildConfigurationList = D826DC772B712D0F005A6723 /* Build configuration list for PBXNativeTarget "garage-ios" */;
			buildPhases = (
				D826DC4E2B712D0E005A6723 /* Sources */,
				D826DC4F2B712D0E005A6723 /* Frameworks */,
				D826DC502B712D0E005A6723 /* Resources */,
			);
			buildRules = (
			);
			dependencies = (
			);
			name = "garage-ios";
			productName = "garage-ios";
			productReference = D826DC522B712D0E005A6723 /* garage-ios.app */;
			productType = "com.apple.product-type.application";
		};
		D826DC622B712D0F005A6723 /* garage-iosTests */ = {
			isa = PBXNativeTarget;
			buildConfigurationList = D826DC7A2B712D0F005A6723 /* Build configuration list for PBXNativeTarget "garage-iosTests" */;
			buildPhases = (
				D826DC5F2B712D0F005A6723 /* Sources */,
				D826DC602B712D0F005A6723 /* Frameworks */,
				D826DC612B712D0F005A6723 /* Resources */,
			);
			buildRules = (
			);
			dependencies = (
				D826DC652B712D0F005A6723 /* PBXTargetDependency */,
			);
			name = "garage-iosTests";
			productName = "garage-iosTests";
			productReference = D826DC632B712D0F005A6723 /* garage-iosTests.xctest */;
			productType = "com.apple.product-type.bundle.unit-test";
		};
		D826DC6C2B712D0F005A6723 /* garage-iosUITests */ = {
			isa = PBXNativeTarget;
			buildConfigurationList = D826DC7D2B712D0F005A6723 /* Build configuration list for PBXNativeTarget "garage-iosUITests" */;
			buildPhases = (
				D826DC692B712D0F005A6723 /* Sources */,
				D826DC6A2B712D0F005A6723 /* Frameworks */,
				D826DC6B2B712D0F005A6723 /* Resources */,
			);
			buildRules = (
			);
			dependencies = (
				D826DC6F2B712D0F005A6723 /* PBXTargetDependency */,
			);
			name = "garage-iosUITests";
			productName = "garage-iosUITests";
			productReference = D826DC6D2B712D0F005A6723 /* garage-iosUITests.xctest */;
			productType = "com.apple.product-type.bundle.ui-testing";
		};
/* End PBXNativeTarget section */

/* Begin PBXProject section */
		D826DC4A2B712D0E005A6723 /* Project object */ = {
			isa = PBXProject;
			attributes = {
				BuildIndependentTargetsInParallel = 1;
				LastSwiftUpdateCheck = 1520;
				LastUpgradeCheck = 1520;
				TargetAttributes = {
					D826DC512B712D0E005A6723 = {
						CreatedOnToolsVersion = 15.2;
					};
					D826DC622B712D0F005A6723 = {
						CreatedOnToolsVersion = 15.2;
						TestTargetID = D826DC512B712D0E005A6723;
					};
					D826DC6C2B712D0F005A6723 = {
						CreatedOnToolsVersion = 15.2;
						TestTargetID = D826DC512B712D0E005A6723;
					};
				};
			};
			buildConfigurationList = D826DC4D2B712D0E005A6723 /* Build configuration list for PBXProject "garage-ios" */;
			compatibilityVersion = "Xcode 14.0";
			developmentRegion = en;
			hasScannedForEncodings = 0;
			knownRegions = (
				en,
				Base,
			);
			mainGroup = D826DC492B712D0E005A6723;
			productRefGroup = D826DC532B712D0E005A6723 /* Products */;
			projectDirPath = "";
			projectRoot = "";
			targets = (
				D826DC512B712D0E005A6723 /* garage-ios */,
				D826DC622B712D0F005A6723 /* garage-iosTests */,
				D826DC6C2B712D0F005A6723 /* garage-iosUITests */,
			);
		};
/* End PBXProject section */

/* Begin PBXResourcesBuildPhase section */
		D826DC502B712D0E005A6723 /* Resources */ = {
			isa = PBXResourcesBuildPhase;
			buildActionMask = 2147483647;
			files = (
				D826DC5E2B712D0F005A6723 /* Preview Assets.xcassets in Resources */,
				D826DC5A2B712D0F005A6723 /* Assets.xcassets in Resources */,
			);
			runOnlyForDeploymentPostprocessing = 0;
		};
		D826DC612B712D0F005A6723 /* Resources */ = {
			isa = PBXResourcesBuildPhase;
			buildActionMask = 2147483647;
			files = (
			);
			runOnlyForDeploymentPostprocessing = 0;
		};
		D826DC6B2B712D0F005A6723 /* Resources */ = {
			isa = PBXResourcesBuildPhase;
			buildActionMask = 2147483647;
			files = (
			);
			runOnlyForDeploymentPostprocessing = 0;
		};
/* End PBXResourcesBuildPhase section */

/* Begin PBXSourcesBuildPhase section */
		D826DC4E2B712D0E005A6723 /* Sources */ = {
			isa = PBXSourcesBuildPhase;
			buildActionMask = 2147483647;
			files = (
				D826DC582B712D0E005A6723 /* ContentView.swift in Sources */,
				D826DC562B712D0E005A6723 /* garage_iosApp.swift in Sources */,
			);
			runOnlyForDeploymentPostprocessing = 0;
		};
		D826DC5F2B712D0F005A6723 /* Sources */ = {
			isa = PBXSourcesBuildPhase;
			buildActionMask = 2147483647;
			files = (
				D826DC682B712D0F005A6723 /* garage_iosTests.swift in Sources */,
			);
			runOnlyForDeploymentPostprocessing = 0;
		};
		D826DC692B712D0F005A6723 /* Sources */ = {
			isa = PBXSourcesBuildPhase;
			buildActionMask = 2147483647;
			files = (
				D826DC722B712D0F005A6723 /* garage_iosUITests.swift in Sources */,
				D826DC742B712D0F005A6723 /* garage_iosUITestsLaunchTests.swift in Sources */,
			);
			runOnlyForDeploymentPostprocessing = 0;
		};
/* End PBXSourcesBuildPhase section */

/* Begin PBXTargetDependency section */
		D826DC652B712D0F005A6723 /* PBXTargetDependency */ = {
			isa = PBXTargetDependency;
			target = D826DC512B712D0E005A6723 /* garage-ios */;
			targetProxy = D826DC642B712D0F005A6723 /* PBXContainerItemProxy */;
		};
		D826DC6F2B712D0F005A6723 /* PBXTargetDependency */ = {
			isa = PBXTargetDependency;
			target = D826DC512B712D0E005A6723 /* garage-ios */;
			targetProxy = D826DC6E2B712D0F005A6723 /* PBXContainerItemProxy */;
		};
/* End PBXTargetDependency section */

/* Begin XCBuildConfiguration section */
		D826DC752B712D0F005A6723 /* Debug */ = {
			isa = XCBuildConfiguration;
			buildSettings = {
				ALWAYS_SEARCH_USER_PATHS = NO;
				ASSETCATALOG_COMPILER_GENERATE_SWIFT_ASSET_SYMBOL_EXTENSIONS = YES;
				CLANG_ANALYZER_NONNULL = YES;
				CLANG_ANALYZER_NUMBER_OBJECT_CONVERSION = YES_AGGRESSIVE;
				CLANG_CXX_LANGUAGE_STANDARD = "gnu++20";
				CLANG_ENABLE_MODULES = YES;
				CLANG_ENABLE_OBJC_ARC = YES;
				CLANG_ENABLE_OBJC_WEAK = YES;
				CLANG_WARN_BLOCK_CAPTURE_AUTORELEASING = YES;
				CLANG_WARN_BOOL_CONVERSION = YES;
				CLANG_WARN_COMMA = YES;
				CLANG_WARN_CONSTANT_CONVERSION = YES;
				CLANG_WARN_DEPRECATED_OBJC_IMPLEMENTATIONS = YES;
				CLANG_WARN_DIRECT_OBJC_ISA_USAGE = YES_ERROR;
				CLANG_WARN_DOCUMENTATION_COMMENTS = YES;
				CLANG_WARN_EMPTY_BODY = YES;
				CLANG_WARN_ENUM_CONVERSION = YES;
				CLANG_WARN_INFINITE_RECURSION = YES;
				CLANG_WARN_INT_CONVERSION = YES;
				CLANG_WARN_NON_LITERAL_NULL_CONVERSION = YES;
				CLANG_WARN_OBJC_IMPLICIT_RETAIN_SELF = YES;
				CLANG_WARN_OBJC_LITERAL_CONVERSION = YES;
				CLANG_WARN_OBJC_ROOT_CLASS = YES_ERROR;
				CLANG_WARN_QUOTED_INCLUDE_IN_FRAMEWORK_HEADER = YES;
				CLANG_WARN_RANGE_LOOP_ANALYSIS = YES;
				CLANG_WARN_STRICT_PROTOTYPES = YES;
				CLANG_WARN_SUSPICIOUS_MOVE = YES;
				CLANG_WARN_UNGUARDED_AVAILABILITY = YES_AGGRESSIVE;
				CLANG_WARN_UNREACHABLE_CODE = YES;
				CLANG_WARN__DUPLICATE_METHOD_MATCH = YES;
				COPY_PHASE_STRIP = NO;
				DEBUG_INFORMATION_FORMAT = dwarf;
				ENABLE_STRICT_OBJC_MSGSEND = YES;
				ENABLE_TESTABILITY = YES;
				ENABLE_USER_SCRIPT_SANDBOXING = YES;
				GCC_C_LANGUAGE_STANDARD = gnu17;
				GCC_DYNAMIC_NO_PIC = NO;
				GCC_NO_COMMON_BLOCKS = YES;
				GCC_OPTIMIZATION_LEVEL = 0;
				GCC_PREPROCESSOR_DEFINITIONS = (
					"DEBUG=1",
					"$(inherited)",
				);
				GCC_WARN_64_TO_32_BIT_CONVERSION = YES;
				GCC_WARN_ABOUT_RETURN_TYPE = YES_ERROR;
				GCC_WARN_UNDECLARED_SELECTOR = YES;
				GCC_WARN_UNINITIALIZED_AUTOS = YES_AGGRESSIVE;
				GCC_WARN_UNUSED_FUNCTION = YES;
				GCC_WARN_UNUSED_VARIABLE = YES;
				LOCALIZATION_PREFERS_STRING_CATALOGS = YES;
				MTL_ENABLE_DEBUG_INFO = INCLUDE_SOURCE;
				MTL_FAST_MATH = YES;
				ONLY_ACTIVE_ARCH = YES;
				SWIFT_ACTIVE_COMPILATION_CONDITIONS = "DEBUG $(inherited)";
				SWIFT_OPTIMIZATION_LEVEL = "-Onone";
			};
			name = Debug;
		};
		D826DC762B712D0F005A6723 /* Release */ = {
			isa = XCBuildConfiguration;
			buildSettings = {
				ALWAYS_SEARCH_USER_PATHS = NO;
				ASSETCATALOG_COMPILER_GENERATE_SWIFT_ASSET_SYMBOL_EXTENSIONS = YES;
				CLANG_ANALYZER_NONNULL = YES;
				CLANG_ANALYZER_NUMBER_OBJECT_CONVERSION = YES_AGGRESSIVE;
				CLANG_CXX_LANGUAGE_STANDARD = "gnu++20";
				CLANG_ENABLE_MODULES = YES;
				CLANG_ENABLE_OBJC_ARC = YES;
				CLANG_ENABLE_OBJC_WEAK = YES;
				CLANG_WARN_BLOCK_CAPTURE_AUTORELEASING = YES;
				CLANG_WARN_BOOL_CONVERSION = YES;
				CLANG_WARN_COMMA = YES;
				CLANG_WARN_CONSTANT_CONVERSION = YES;
				CLANG_WARN_DEPRECATED_OBJC_IMPLEMENTATIONS = YES;
				CLANG_WARN_DIRECT_OBJC_ISA_USAGE = YES_ERROR;
				CLANG_WARN_DOCUMENTATION_COMMENTS = YES;
				CLANG_WARN_EMPTY_BODY = YES;
				CLANG_WARN_ENUM_CONVERSION = YES;
				CLANG_WARN_INFINITE_RECURSION = YES;
				CLANG_WARN_INT_CONVERSION = YES;
				CLANG_WARN_NON_LITERAL_NULL_CONVERSION = YES;
				CLANG_WARN_OBJC_IMPLICIT_RETAIN_SELF = YES;
				CLANG_WARN_OBJC_LITERAL_CONVERSION = YES;
				CLANG_WARN_OBJC_ROOT_CLASS = YES_ERROR;
				CLANG_WARN_QUOTED_INCLUDE_IN_FRAMEWORK_HEADER = YES;
				CLANG_WARN_RANGE_LOOP_ANALYSIS = YES;
				CLANG_WARN_STRICT_PROTOTYPES = YES;
				CLANG_WARN_SUSPICIOUS_MOVE = YES;
				CLANG_WARN_UNGUARDED_AVAILABILITY = YES_AGGRESSIVE;
				CLANG_WARN_UNREACHABLE_CODE = YES;
				CLANG_WARN__DUPLICATE_METHOD_MATCH = YES;
				COPY_PHASE_STRIP = NO;
				DEBUG_INFORMATION_FORMAT = "dwarf-with-dsym";
				ENABLE_NS_ASSERTIONS = NO;
				ENABLE_STRICT_OBJC_MSGSEND = YES;
				ENABLE_USER_SCRIPT_SANDBOXING = YES;
				GCC_C_LANGUAGE_STANDARD = gnu17;
				GCC_NO_COMMON_BLOCKS = YES;
				GCC_WARN_64_TO_32_BIT_CONVERSION = YES;
				GCC_WARN_ABOUT_RETURN_TYPE = YES_ERROR;
				GCC_WARN_UNDECLARED_SELECTOR = YES;
				GCC_WARN_UNINITIALIZED_AUTOS = YES_AGGRESSIVE;
				GCC_WARN_UNUSED_FUNCTION = YES;
				GCC_WARN_UNUSED_VARIABLE = YES;
				LOCALIZATION_PREFERS_STRING_CATALOGS = YES;
				MTL_ENABLE_DEBUG_INFO = NO;
				MTL_FAST_MATH = YES;
				SWIFT_COMPILATION_MODE = wholemodule;
			};
			name = Release;
		};
		D826DC782B712D0F005A6723 /* Debug */ = {
			isa = XCBuildConfiguration;
			buildSettings = {
				ASSETCATALOG_COMPILER_APPICON_NAME = AppIcon;
				ASSETCATALOG_COMPILER_GLOBAL_ACCENT_COLOR_NAME = AccentColor;
				CODE_SIGN_ENTITLEMENTS = "garage-ios/garage_ios.entitlements";
				CODE_SIGN_STYLE = Automatic;
				CURRENT_PROJECT_VERSION = 1;
				DEVELOPMENT_ASSET_PATHS = "\"garage-ios/Preview Content\"";
				ENABLE_PREVIEWS = YES;
				GENERATE_INFOPLIST_FILE = YES;
				"INFOPLIST_KEY_UIApplicationSceneManifest_Generation[sdk=iphoneos*]" = YES;
				"INFOPLIST_KEY_UIApplicationSceneManifest_Generation[sdk=iphonesimulator*]" = YES;
				"INFOPLIST_KEY_UIApplicationSupportsIndirectInputEvents[sdk=iphoneos*]" = YES;
				"INFOPLIST_KEY_UIApplicationSupportsIndirectInputEvents[sdk=iphonesimulator*]" = YES;
				"INFOPLIST_KEY_UILaunchScreen_Generation[sdk=iphoneos*]" = YES;
				"INFOPLIST_KEY_UILaunchScreen_Generation[sdk=iphonesimulator*]" = YES;
				"INFOPLIST_KEY_UIStatusBarStyle[sdk=iphoneos*]" = UIStatusBarStyleDefault;
				"INFOPLIST_KEY_UIStatusBarStyle[sdk=iphonesimulator*]" = UIStatusBarStyleDefault;
				INFOPLIST_KEY_UISupportedInterfaceOrientations_iPad = "UIInterfaceOrientationPortrait UIInterfaceOrientationPortraitUpsideDown UIInterfaceOrientationLandscapeLeft UIInterfaceOrientationLandscapeRight";
				INFOPLIST_KEY_UISupportedInterfaceOrientations_iPhone = "UIInterfaceOrientationPortrait UIInterfaceOrientationLandscapeLeft UIInterfaceOrientationLandscapeRight";
				IPHONEOS_DEPLOYMENT_TARGET = 17.2;
				LD_RUNPATH_SEARCH_PATHS = "@executable_path/Frameworks";
				"LD_RUNPATH_SEARCH_PATHS[sdk=macosx*]" = "@executable_path/../Frameworks";
				MACOSX_DEPLOYMENT_TARGET = 14.2;
				MARKETING_VERSION = 1.0;
				PRODUCT_BUNDLE_IDENTIFIER = "strivacity.garage-ios";
				PRODUCT_NAME = "$(TARGET_NAME)";
				SDKROOT = auto;
				SUPPORTED_PLATFORMS = "iphoneos iphonesimulator macosx";
				SWIFT_EMIT_LOC_STRINGS = YES;
				SWIFT_VERSION = 5.0;
				TARGETED_DEVICE_FAMILY = "1,2";
			};
			name = Debug;
		};
		D826DC792B712D0F005A6723 /* Release */ = {
			isa = XCBuildConfiguration;
			buildSettings = {
				ASSETCATALOG_COMPILER_APPICON_NAME = AppIcon;
				ASSETCATALOG_COMPILER_GLOBAL_ACCENT_COLOR_NAME = AccentColor;
				CODE_SIGN_ENTITLEMENTS = "garage-ios/garage_ios.entitlements";
				CODE_SIGN_STYLE = Automatic;
				CURRENT_PROJECT_VERSION = 1;
				DEVELOPMENT_ASSET_PATHS = "\"garage-ios/Preview Content\"";
				ENABLE_PREVIEWS = YES;
				GENERATE_INFOPLIST_FILE = YES;
				"INFOPLIST_KEY_UIApplicationSceneManifest_Generation[sdk=iphoneos*]" = YES;
				"INFOPLIST_KEY_UIApplicationSceneManifest_Generation[sdk=iphonesimulator*]" = YES;
				"INFOPLIST_KEY_UIApplicationSupportsIndirectInputEvents[sdk=iphoneos*]" = YES;
				"INFOPLIST_KEY_UIApplicationSupportsIndirectInputEvents[sdk=iphonesimulator*]" = YES;
				"INFOPLIST_KEY_UILaunchScreen_Generation[sdk=iphoneos*]" = YES;
				"INFOPLIST_KEY_UILaunchScreen_Generation[sdk=iphonesimulator*]" = YES;
				"INFOPLIST_KEY_UIStatusBarStyle[sdk=iphoneos*]" = UIStatusBarStyleDefault;
				"INFOPLIST_KEY_UIStatusBarStyle[sdk=iphonesimulator*]" = UIStatusBarStyleDefault;
				INFOPLIST_KEY_UISupportedInterfaceOrientations_iPad = "UIInterfaceOrientationPortrait UIInterfaceOrientationPortraitUpsideDown UIInterfaceOrientationLandscapeLeft UIInterfaceOrientationLandscapeRight";
				INFOPLIST_KEY_UISupportedInterfaceOrientations_iPhone = "UIInterfaceOrientationPortrait UIInterfaceOrientationLandscapeLeft UIInterfaceOrientationLandscapeRight";
				IPHONEOS_DEPLOYMENT_TARGET = 17.2;
				LD_RUNPATH_SEARCH_PATHS = "@executable_path/Frameworks";
				"LD_RUNPATH_SEARCH_PATHS[sdk=macosx*]" = "@executable_path/../Frameworks";
				MACOSX_DEPLOYMENT_TARGET = 14.2;
				MARKETING_VERSION = 1.0;
				PRODUCT_BUNDLE_IDENTIFIER = "strivacity.garage-ios";
				PRODUCT_NAME = "$(TARGET_NAME)";
				SDKROOT = auto;
				SUPPORTED_PLATFORMS = "iphoneos iphonesimulator macosx";
				SWIFT_EMIT_LOC_STRINGS = YES;
				SWIFT_VERSION = 5.0;
				TARGETED_DEVICE_FAMILY = "1,2";
			};
			name = Release;
		};
		D826DC7B2B712D0F005A6723 /* Debug */ = {
			isa = XCBuildConfiguration;
			buildSettings = {
				ALWAYS_EMBED_SWIFT_STANDARD_LIBRARIES = YES;
				BUNDLE_LOADER = "$(TEST_HOST)";
				CODE_SIGN_STYLE = Automatic;
				CURRENT_PROJECT_VERSION = 1;
				GENERATE_INFOPLIST_FILE = YES;
				IPHONEOS_DEPLOYMENT_TARGET = 17.2;
				MACOSX_DEPLOYMENT_TARGET = 14.2;
				MARKETING_VERSION = 1.0;
				PRODUCT_BUNDLE_IDENTIFIER = "strivacity.garage-iosTests";
				PRODUCT_NAME = "$(TARGET_NAME)";
				SDKROOT = auto;
				SUPPORTED_PLATFORMS = "iphoneos iphonesimulator macosx";
				SWIFT_EMIT_LOC_STRINGS = NO;
				SWIFT_VERSION = 5.0;
				TARGETED_DEVICE_FAMILY = "1,2";
				TEST_HOST = "$(BUILT_PRODUCTS_DIR)/garage-ios.app/$(BUNDLE_EXECUTABLE_FOLDER_PATH)/garage-ios";
			};
			name = Debug;
		};
		D826DC7C2B712D0F005A6723 /* Release */ = {
			isa = XCBuildConfiguration;
			buildSettings = {
				ALWAYS_EMBED_SWIFT_STANDARD_LIBRARIES = YES;
				BUNDLE_LOADER = "$(TEST_HOST)";
				CODE_SIGN_STYLE = Automatic;
				CURRENT_PROJECT_VERSION = 1;
				GENERATE_INFOPLIST_FILE = YES;
				IPHONEOS_DEPLOYMENT_TARGET = 17.2;
				MACOSX_DEPLOYMENT_TARGET = 14.2;
				MARKETING_VERSION = 1.0;
				PRODUCT_BUNDLE_IDENTIFIER = "strivacity.garage-iosTests";
				PRODUCT_NAME = "$(TARGET_NAME)";
				SDKROOT = auto;
				SUPPORTED_PLATFORMS = "iphoneos iphonesimulator macosx";
				SWIFT_EMIT_LOC_STRINGS = NO;
				SWIFT_VERSION = 5.0;
				TARGETED_DEVICE_FAMILY = "1,2";
				TEST_HOST = "$(BUILT_PRODUCTS_DIR)/garage-ios.app/$(BUNDLE_EXECUTABLE_FOLDER_PATH)/garage-ios";
			};
			name = Release;
		};
		D826DC7E2B712D0F005A6723 /* Debug */ = {
			isa = XCBuildConfiguration;
			buildSettings = {
				ALWAYS_EMBED_SWIFT_STANDARD_LIBRARIES = YES;
				CODE_SIGN_STYLE = Automatic;
				CURRENT_PROJECT_VERSION = 1;
				GENERATE_INFOPLIST_FILE = YES;
				IPHONEOS_DEPLOYMENT_TARGET = 17.2;
				MACOSX_DEPLOYMENT_TARGET = 14.2;
				MARKETING_VERSION = 1.0;
				PRODUCT_BUNDLE_IDENTIFIER = "strivacity.garage-iosUITests";
				PRODUCT_NAME = "$(TARGET_NAME)";
				SDKROOT = auto;
				SUPPORTED_PLATFORMS = "iphoneos iphonesimulator macosx";
				SWIFT_EMIT_LOC_STRINGS = NO;
				SWIFT_VERSION = 5.0;
				TARGETED_DEVICE_FAMILY = "1,2";
				TEST_TARGET_NAME = "garage-ios";
			};
			name = Debug;
		};
		D826DC7F2B712D0F005A6723 /* Release */ = {
			isa = XCBuildConfiguration;
			buildSettings = {
				ALWAYS_EMBED_SWIFT_STANDARD_LIBRARIES = YES;
				CODE_SIGN_STYLE = Automatic;
				CURRENT_PROJECT_VERSION = 1;
				GENERATE_INFOPLIST_FILE = YES;
				IPHONEOS_DEPLOYMENT_TARGET = 17.2;
				MACOSX_DEPLOYMENT_TARGET = 14.2;
				MARKETING_VERSION = 1.0;
				PRODUCT_BUNDLE_IDENTIFIER = "strivacity.garage-iosUITests";
				PRODUCT_NAME = "$(TARGET_NAME)";
				SDKROOT = auto;
				SUPPORTED_PLATFORMS = "iphoneos iphonesimulator macosx";
				SWIFT_EMIT_LOC_STRINGS = NO;
				SWIFT_VERSION = 5.0;
				TARGETED_DEVICE_FAMILY = "1,2";
				TEST_TARGET_NAME = "garage-ios";
			};
			name = Release;
		};
/* End XCBuildConfiguration section */

/* Begin XCConfigurationList section */
		D826DC4D2B712D0E005A6723 /* Build configuration list for PBXProject "garage-ios" */ = {
			isa = XCConfigurationList;
			buildConfigurations = (
				D826DC752B712D0F005A6723 /* Debug */,
				D826DC762B712D0F005A6723 /* Release */,
			);
			defaultConfigurationIsVisible = 0;
			defaultConfigurationName = Release;
		};
		D826DC772B712D0F005A6723 /* Build configuration list for PBXNativeTarget "garage-ios" */ = {
			isa = XCConfigurationList;
			buildConfigurations = (
				D826DC782B712D0F005A6723 /* Debug */,
				D826DC792B712D0F005A6723 /* Release */,
			);
			defaultConfigurationIsVisible = 0;
			defaultConfigurationName = Release;
		};
		D826DC7A2B712D0F005A6723 /* Build configuration list for PBXNativeTarget "garage-iosTests" */ = {
			isa = XCConfigurationList;
			buildConfigurations = (
				D826DC7B2B712D0F005A6723 /* Debug */,
				D826DC7C2B712D0F005A6723 /* Release */,
			);
			defaultConfigurationIsVisible = 0;
			defaultConfigurationName = Release;
		};
		D826DC7D2B712D0F005A6723 /* Build configuration list for PBXNativeTarget "garage-iosUITests" */ = {
			isa = XCConfigurationList;
			buildConfigurations = (
				D826DC7E2B712D0F005A6723 /* Debug */,
				D826DC7F2B712D0F005A6723 /* Release */,
			);
			defaultConfigurationIsVisible = 0;
			defaultConfigurationName = Release;
		};
/* End XCConfigurationList section */
	};
	rootObject = D826DC4A2B712D0E005A6723 /* Project object */;
}
