// !$*UTF8*$!
{
	archiveVersion = 1;
	classes = {
	};
	objectVersion = 56;
	objects = {

/* Begin PBXBuildFile section */
		D826DC562B712D0E005A6723 /* GarageIosApp.swift in Sources */ = {isa = PBXBuildFile; fileRef = D826DC552B712D0E005A6723 /* GarageIosApp.swift */; };
		D826DC582B712D0E005A6723 /* ContentView.swift in Sources */ = {isa = PBXBuildFile; fileRef = D826DC572B712D0E005A6723 /* ContentView.swift */; };
		D826DC5A2B712D0F005A6723 /* Assets.xcassets in Resources */ = {isa = PBXBuildFile; fileRef = D826DC592B712D0F005A6723 /* Assets.xcassets */; };
		D826DC5E2B712D0F005A6723 /* Preview Assets.xcassets in Resources */ = {isa = PBXBuildFile; fileRef = D826DC5D2B712D0F005A6723 /* Preview Assets.xcassets */; };
		D826DC822B712E04005A6723 /* StrivacitySDK in Frameworks */ = {isa = PBXBuildFile; productRef = D826DC812B712E04005A6723 /* StrivacitySDK */; };
		D826DC8A2B75069D005A6723 /* ParkingSpot.swift in Sources */ = {isa = PBXBuildFile; fileRef = D826DC892B75069D005A6723 /* ParkingSpot.swift */; };
		D826DC8C2B763ED7005A6723 /* AppDelegate.swift in Sources */ = {isa = PBXBuildFile; fileRef = D826DC8B2B763ED7005A6723 /* AppDelegate.swift */; };
		D826DC8E2B763F25005A6723 /* Controller.swift in Sources */ = {isa = PBXBuildFile; fileRef = D826DC8D2B763F25005A6723 /* Controller.swift */; };
		D826DC942B7A16F8005A6723 /* Login.swift in Sources */ = {isa = PBXBuildFile; fileRef = D826DC932B7A16F8005A6723 /* Login.swift */; };
		D826DC962B7A1729005A6723 /* Logout.swift in Sources */ = {isa = PBXBuildFile; fileRef = D826DC952B7A1729005A6723 /* Logout.swift */; };
		D826DC982B7A176D005A6723 /* GarageReservation.swift in Sources */ = {isa = PBXBuildFile; fileRef = D826DC972B7A176D005A6723 /* GarageReservation.swift */; };
		D826DCAF2B7CE3B4005A6723 /* garage_iosTests.swift in Sources */ = {isa = PBXBuildFile; fileRef = D826DCAE2B7CE3B4005A6723 /* garage_iosTests.swift */; };
		D826DCB62B7CE3D5005A6723 /* GarageTests.swift in Sources */ = {isa = PBXBuildFile; fileRef = D826DCB52B7CE3D5005A6723 /* GarageTests.swift */; };
/* End PBXBuildFile section */

/* Begin PBXContainerItemProxy section */
		D826DCB02B7CE3B4005A6723 /* PBXContainerItemProxy */ = {
			isa = PBXContainerItemProxy;
			containerPortal = D826DC4A2B712D0E005A6723 /* Project object */;
			proxyType = 1;
			remoteGlobalIDString = D826DC512B712D0E005A6723;
			remoteInfo = "garage-ios";
		};
/* End PBXContainerItemProxy section */

/* Begin PBXFileReference section */
		D826DC522B712D0E005A6723 /* garage-ios.app */ = {isa = PBXFileReference; explicitFileType = wrapper.application; includeInIndex = 0; path = "garage-ios.app"; sourceTree = BUILT_PRODUCTS_DIR; };
		D826DC552B712D0E005A6723 /* GarageIosApp.swift */ = {isa = PBXFileReference; lastKnownFileType = sourcecode.swift; path = GarageIosApp.swift; sourceTree = "<group>"; };
		D826DC572B712D0E005A6723 /* ContentView.swift */ = {isa = PBXFileReference; lastKnownFileType = sourcecode.swift; path = ContentView.swift; sourceTree = "<group>"; };
		D826DC592B712D0F005A6723 /* Assets.xcassets */ = {isa = PBXFileReference; lastKnownFileType = folder.assetcatalog; path = Assets.xcassets; sourceTree = "<group>"; };
		D826DC5B2B712D0F005A6723 /* garage_ios.entitlements */ = {isa = PBXFileReference; lastKnownFileType = text.plist.entitlements; path = garage_ios.entitlements; sourceTree = "<group>"; };
		D826DC5D2B712D0F005A6723 /* Preview Assets.xcassets */ = {isa = PBXFileReference; lastKnownFileType = folder.assetcatalog; path = "Preview Assets.xcassets"; sourceTree = "<group>"; };
		D826DC892B75069D005A6723 /* ParkingSpot.swift */ = {isa = PBXFileReference; lastKnownFileType = sourcecode.swift; path = ParkingSpot.swift; sourceTree = "<group>"; };
		D826DC8B2B763ED7005A6723 /* AppDelegate.swift */ = {isa = PBXFileReference; lastKnownFileType = sourcecode.swift; path = AppDelegate.swift; sourceTree = "<group>"; };
		D826DC8D2B763F25005A6723 /* Controller.swift */ = {isa = PBXFileReference; lastKnownFileType = sourcecode.swift; path = Controller.swift; sourceTree = "<group>"; };
		D826DC8F2B76437C005A6723 /* Config.xcconfig */ = {isa = PBXFileReference; lastKnownFileType = text.xcconfig; path = Config.xcconfig; sourceTree = "<group>"; };
		D826DC902B764E45005A6723 /* Info.plist */ = {isa = PBXFileReference; lastKnownFileType = text.plist.xml; path = Info.plist; sourceTree = "<group>"; };
		D826DC932B7A16F8005A6723 /* Login.swift */ = {isa = PBXFileReference; lastKnownFileType = sourcecode.swift; path = Login.swift; sourceTree = "<group>"; };
		D826DC952B7A1729005A6723 /* Logout.swift */ = {isa = PBXFileReference; lastKnownFileType = sourcecode.swift; path = Logout.swift; sourceTree = "<group>"; };
		D826DC972B7A176D005A6723 /* GarageReservation.swift */ = {isa = PBXFileReference; lastKnownFileType = sourcecode.swift; path = GarageReservation.swift; sourceTree = "<group>"; };
		D826DCAC2B7CE3B4005A6723 /* garage-iosTests.xctest */ = {isa = PBXFileReference; explicitFileType = wrapper.cfbundle; includeInIndex = 0; path = "garage-iosTests.xctest"; sourceTree = BUILT_PRODUCTS_DIR; };
		D826DCAE2B7CE3B4005A6723 /* garage_iosTests.swift */ = {isa = PBXFileReference; lastKnownFileType = sourcecode.swift; path = garage_iosTests.swift; sourceTree = "<group>"; };
		D826DCB52B7CE3D5005A6723 /* GarageTests.swift */ = {isa = PBXFileReference; lastKnownFileType = sourcecode.swift; path = GarageTests.swift; sourceTree = "<group>"; };
/* End PBXFileReference section */

/* Begin PBXFrameworksBuildPhase section */
		D826DC4F2B712D0E005A6723 /* Frameworks */ = {
			isa = PBXFrameworksBuildPhase;
			buildActionMask = 2147483647;
			files = (
				D826DC822B712E04005A6723 /* StrivacitySDK in Frameworks */,
			);
			runOnlyForDeploymentPostprocessing = 0;
		};
		D826DCA92B7CE3B4005A6723 /* Frameworks */ = {
			isa = PBXFrameworksBuildPhase;
			buildActionMask = 2147483647;
			files = (
			);
			runOnlyForDeploymentPostprocessing = 0;
		};
/* End PBXFrameworksBuildPhase section */

/* Begin PBXGroup section */
		D826DC492B712D0E005A6723 = {
			isa = PBXGroup;
			children = (
				D826DCA72B7CE358005A6723 /* garageTests */,
				D826DC542B712D0E005A6723 /* garage-ios */,
				D826DCAD2B7CE3B4005A6723 /* garage-iosTests */,
				D826DC532B712D0E005A6723 /* Products */,
			);
			sourceTree = "<group>";
		};
		D826DC532B712D0E005A6723 /* Products */ = {
			isa = PBXGroup;
			children = (
				D826DC522B712D0E005A6723 /* garage-ios.app */,
				D826DCAC2B7CE3B4005A6723 /* garage-iosTests.xctest */,
			);
			name = Products;
			sourceTree = "<group>";
		};
		D826DC542B712D0E005A6723 /* garage-ios */ = {
			isa = PBXGroup;
			children = (
				D826DC922B7A16E6005A6723 /* Views */,
				D826DC902B764E45005A6723 /* Info.plist */,
				D826DC552B712D0E005A6723 /* GarageIosApp.swift */,
				D826DC572B712D0E005A6723 /* ContentView.swift */,
				D826DC592B712D0F005A6723 /* Assets.xcassets */,
				D826DC5B2B712D0F005A6723 /* garage_ios.entitlements */,
				D826DC5C2B712D0F005A6723 /* Preview Content */,
				D826DC8D2B763F25005A6723 /* Controller.swift */,
				D826DC8B2B763ED7005A6723 /* AppDelegate.swift */,
				D826DC8F2B76437C005A6723 /* Config.xcconfig */,
			);
			path = "garage-ios";
			sourceTree = "<group>";
		};
		D826DC5C2B712D0F005A6723 /* Preview Content */ = {
			isa = PBXGroup;
			children = (
				D826DC5D2B712D0F005A6723 /* Preview Assets.xcassets */,
			);
			path = "Preview Content";
			sourceTree = "<group>";
		};
		D826DC922B7A16E6005A6723 /* Views */ = {
			isa = PBXGroup;
			children = (
				D826DC992B7A1787005A6723 /* Reservation */,
				D826DC932B7A16F8005A6723 /* Login.swift */,
				D826DC952B7A1729005A6723 /* Logout.swift */,
			);
			path = Views;
			sourceTree = "<group>";
		};
		D826DC992B7A1787005A6723 /* Reservation */ = {
			isa = PBXGroup;
			children = (
				D826DC972B7A176D005A6723 /* GarageReservation.swift */,
				D826DC892B75069D005A6723 /* ParkingSpot.swift */,
			);
			path = Reservation;
			sourceTree = "<group>";
		};
		D826DCA72B7CE358005A6723 /* garageTests */ = {
			isa = PBXGroup;
			children = (
				D826DCB52B7CE3D5005A6723 /* GarageTests.swift */,
			);
			path = garageTests;
			sourceTree = "<group>";
		};
		D826DCAD2B7CE3B4005A6723 /* garage-iosTests */ = {
			isa = PBXGroup;
			children = (
				D826DCAE2B7CE3B4005A6723 /* garage_iosTests.swift */,
			);
			path = "garage-iosTests";
			sourceTree = "<group>";
		};
/* End PBXGroup section */

/* Begin PBXNativeTarget section */
		D826DC512B712D0E005A6723 /* garage-ios */ = {
			isa = PBXNativeTarget;
			buildConfigurationList = D826DC772B712D0F005A6723 /* Build configuration list for PBXNativeTarget "garage-ios" */;
			buildPhases = (
				D826DC4E2B712D0E005A6723 /* Sources */,
				D826DC4F2B712D0E005A6723 /* Frameworks */,
				D826DC502B712D0E005A6723 /* Resources */,
			);
			buildRules = (
			);
			dependencies = (
			);
			name = "garage-ios";
			packageProductDependencies = (
				D826DC812B712E04005A6723 /* StrivacitySDK */,
			);
			productName = "garage-ios";
			productReference = D826DC522B712D0E005A6723 /* garage-ios.app */;
			productType = "com.apple.product-type.application";
		};
		D826DCAB2B7CE3B4005A6723 /* garage-iosTests */ = {
			isa = PBXNativeTarget;
			buildConfigurationList = D826DCB22B7CE3B4005A6723 /* Build configuration list for PBXNativeTarget "garage-iosTests" */;
			buildPhases = (
				D826DCA82B7CE3B4005A6723 /* Sources */,
				D826DCA92B7CE3B4005A6723 /* Frameworks */,
				D826DCAA2B7CE3B4005A6723 /* Resources */,
			);
			buildRules = (
			);
			dependencies = (
				D826DCB12B7CE3B4005A6723 /* PBXTargetDependency */,
			);
			name = "garage-iosTests";
			productName = "garage-iosTests";
			productReference = D826DCAC2B7CE3B4005A6723 /* garage-iosTests.xctest */;
			productType = "com.apple.product-type.bundle.unit-test";
		};
/* End PBXNativeTarget section */

/* Begin PBXProject section */
		D826DC4A2B712D0E005A6723 /* Project object */ = {
			isa = PBXProject;
			attributes = {
				BuildIndependentTargetsInParallel = 1;
				LastSwiftUpdateCheck = 1520;
				LastUpgradeCheck = 1520;
				TargetAttributes = {
					D826DC512B712D0E005A6723 = {
						CreatedOnToolsVersion = 15.2;
					};
					D826DCAB2B7CE3B4005A6723 = {
						CreatedOnToolsVersion = 15.2;
						TestTargetID = D826DC512B712D0E005A6723;
					};
				};
			};
			buildConfigurationList = D826DC4D2B712D0E005A6723 /* Build configuration list for PBXProject "garage-ios" */;
			compatibilityVersion = "Xcode 14.0";
			developmentRegion = en;
			hasScannedForEncodings = 0;
			knownRegions = (
				en,
				Base,
			);
			mainGroup = D826DC492B712D0E005A6723;
			packageReferences = (
				D826DC802B712E04005A6723 /* XCRemoteSwiftPackageReference "sdk-mobile-ios" */,
			);
			productRefGroup = D826DC532B712D0E005A6723 /* Products */;
			projectDirPath = "";
			projectRoot = "";
			targets = (
				D826DC512B712D0E005A6723 /* garage-ios */,
				D826DCAB2B7CE3B4005A6723 /* garage-iosTests */,
			);
		};
/* End PBXProject section */

/* Begin PBXResourcesBuildPhase section */
		D826DC502B712D0E005A6723 /* Resources */ = {
			isa = PBXResourcesBuildPhase;
			buildActionMask = 2147483647;
			files = (
				D826DC5E2B712D0F005A6723 /* Preview Assets.xcassets in Resources */,
				D826DC5A2B712D0F005A6723 /* Assets.xcassets in Resources */,
			);
			runOnlyForDeploymentPostprocessing = 0;
		};
		D826DCAA2B7CE3B4005A6723 /* Resources */ = {
			isa = PBXResourcesBuildPhase;
			buildActionMask = 2147483647;
			files = (
			);
			runOnlyForDeploymentPostprocessing = 0;
		};
/* End PBXResourcesBuildPhase section */

/* Begin PBXSourcesBuildPhase section */
		D826DC4E2B712D0E005A6723 /* Sources */ = {
			isa = PBXSourcesBuildPhase;
			buildActionMask = 2147483647;
			files = (
				D826DC8E2B763F25005A6723 /* Controller.swift in Sources */,
				D826DC8C2B763ED7005A6723 /* AppDelegate.swift in Sources */,
				D826DC582B712D0E005A6723 /* ContentView.swift in Sources */,
				D826DC982B7A176D005A6723 /* GarageReservation.swift in Sources */,
				D826DC942B7A16F8005A6723 /* Login.swift in Sources */,
				D826DC562B712D0E005A6723 /* GarageIosApp.swift in Sources */,
				D826DC8A2B75069D005A6723 /* ParkingSpot.swift in Sources */,
				D826DC962B7A1729005A6723 /* Logout.swift in Sources */,
			);
			runOnlyForDeploymentPostprocessing = 0;
		};
		D826DCA82B7CE3B4005A6723 /* Sources */ = {
			isa = PBXSourcesBuildPhase;
			buildActionMask = 2147483647;
			files = (
				D826DCB62B7CE3D5005A6723 /* GarageTests.swift in Sources */,
				D826DCAF2B7CE3B4005A6723 /* garage_iosTests.swift in Sources */,
			);
			runOnlyForDeploymentPostprocessing = 0;
		};
/* End PBXSourcesBuildPhase section */

/* Begin PBXTargetDependency section */
		D826DCB12B7CE3B4005A6723 /* PBXTargetDependency */ = {
			isa = PBXTargetDependency;
			target = D826DC512B712D0E005A6723 /* garage-ios */;
			targetProxy = D826DCB02B7CE3B4005A6723 /* PBXContainerItemProxy */;
		};
/* End PBXTargetDependency section */

/* Begin XCBuildConfiguration section */
		D826DC752B712D0F005A6723 /* Debug */ = {
			isa = XCBuildConfiguration;
			buildSettings = {
				ALWAYS_SEARCH_USER_PATHS = NO;
				ASSETCATALOG_COMPILER_GENERATE_SWIFT_ASSET_SYMBOL_EXTENSIONS = YES;
				CLANG_ANALYZER_NONNULL = YES;
				CLANG_ANALYZER_NUMBER_OBJECT_CONVERSION = YES_AGGRESSIVE;
				CLANG_CXX_LANGUAGE_STANDARD = "gnu++20";
				CLANG_ENABLE_MODULES = YES;
				CLANG_ENABLE_OBJC_ARC = YES;
				CLANG_ENABLE_OBJC_WEAK = YES;
				CLANG_WARN_BLOCK_CAPTURE_AUTORELEASING = YES;
				CLANG_WARN_BOOL_CONVERSION = YES;
				CLANG_WARN_COMMA = YES;
				CLANG_WARN_CONSTANT_CONVERSION = YES;
				CLANG_WARN_DEPRECATED_OBJC_IMPLEMENTATIONS = YES;
				CLANG_WARN_DIRECT_OBJC_ISA_USAGE = YES_ERROR;
				CLANG_WARN_DOCUMENTATION_COMMENTS = YES;
				CLANG_WARN_EMPTY_BODY = YES;
				CLANG_WARN_ENUM_CONVERSION = YES;
				CLANG_WARN_INFINITE_RECURSION = YES;
				CLANG_WARN_INT_CONVERSION = YES;
				CLANG_WARN_NON_LITERAL_NULL_CONVERSION = YES;
				CLANG_WARN_OBJC_IMPLICIT_RETAIN_SELF = YES;
				CLANG_WARN_OBJC_LITERAL_CONVERSION = YES;
				CLANG_WARN_OBJC_ROOT_CLASS = YES_ERROR;
				CLANG_WARN_QUOTED_INCLUDE_IN_FRAMEWORK_HEADER = YES;
				CLANG_WARN_RANGE_LOOP_ANALYSIS = YES;
				CLANG_WARN_STRICT_PROTOTYPES = YES;
				CLANG_WARN_SUSPICIOUS_MOVE = YES;
				CLANG_WARN_UNGUARDED_AVAILABILITY = YES_AGGRESSIVE;
				CLANG_WARN_UNREACHABLE_CODE = YES;
				CLANG_WARN__DUPLICATE_METHOD_MATCH = YES;
				COPY_PHASE_STRIP = NO;
				DEBUG_INFORMATION_FORMAT = dwarf;
				ENABLE_STRICT_OBJC_MSGSEND = YES;
				ENABLE_TESTABILITY = YES;
				ENABLE_USER_SCRIPT_SANDBOXING = YES;
				GCC_C_LANGUAGE_STANDARD = gnu17;
				GCC_DYNAMIC_NO_PIC = NO;
				GCC_NO_COMMON_BLOCKS = YES;
				GCC_OPTIMIZATION_LEVEL = 0;
				GCC_PREPROCESSOR_DEFINITIONS = (
					"DEBUG=1",
					"$(inherited)",
				);
				GCC_WARN_64_TO_32_BIT_CONVERSION = YES;
				GCC_WARN_ABOUT_RETURN_TYPE = YES_ERROR;
				GCC_WARN_UNDECLARED_SELECTOR = YES;
				GCC_WARN_UNINITIALIZED_AUTOS = YES_AGGRESSIVE;
				GCC_WARN_UNUSED_FUNCTION = YES;
				GCC_WARN_UNUSED_VARIABLE = YES;
				IPHONEOS_DEPLOYMENT_TARGET = 17.2;
				LOCALIZATION_PREFERS_STRING_CATALOGS = YES;
				MTL_ENABLE_DEBUG_INFO = INCLUDE_SOURCE;
				MTL_FAST_MATH = YES;
				ONLY_ACTIVE_ARCH = YES;
				SWIFT_ACTIVE_COMPILATION_CONDITIONS = "DEBUG $(inherited)";
				SWIFT_OPTIMIZATION_LEVEL = "-Onone";
			};
			name = Debug;
		};
		D826DC762B712D0F005A6723 /* Release */ = {
			isa = XCBuildConfiguration;
			buildSettings = {
				ALWAYS_SEARCH_USER_PATHS = NO;
				ASSETCATALOG_COMPILER_GENERATE_SWIFT_ASSET_SYMBOL_EXTENSIONS = YES;
				CLANG_ANALYZER_NONNULL = YES;
				CLANG_ANALYZER_NUMBER_OBJECT_CONVERSION = YES_AGGRESSIVE;
				CLANG_CXX_LANGUAGE_STANDARD = "gnu++20";
				CLANG_ENABLE_MODULES = YES;
				CLANG_ENABLE_OBJC_ARC = YES;
				CLANG_ENABLE_OBJC_WEAK = YES;
				CLANG_WARN_BLOCK_CAPTURE_AUTORELEASING = YES;
				CLANG_WARN_BOOL_CONVERSION = YES;
				CLANG_WARN_COMMA = YES;
				CLANG_WARN_CONSTANT_CONVERSION = YES;
				CLANG_WARN_DEPRECATED_OBJC_IMPLEMENTATIONS = YES;
				CLANG_WARN_DIRECT_OBJC_ISA_USAGE = YES_ERROR;
				CLANG_WARN_DOCUMENTATION_COMMENTS = YES;
				CLANG_WARN_EMPTY_BODY = YES;
				CLANG_WARN_ENUM_CONVERSION = YES;
				CLANG_WARN_INFINITE_RECURSION = YES;
				CLANG_WARN_INT_CONVERSION = YES;
				CLANG_WARN_NON_LITERAL_NULL_CONVERSION = YES;
				CLANG_WARN_OBJC_IMPLICIT_RETAIN_SELF = YES;
				CLANG_WARN_OBJC_LITERAL_CONVERSION = YES;
				CLANG_WARN_OBJC_ROOT_CLASS = YES_ERROR;
				CLANG_WARN_QUOTED_INCLUDE_IN_FRAMEWORK_HEADER = YES;
				CLANG_WARN_RANGE_LOOP_ANALYSIS = YES;
				CLANG_WARN_STRICT_PROTOTYPES = YES;
				CLANG_WARN_SUSPICIOUS_MOVE = YES;
				CLANG_WARN_UNGUARDED_AVAILABILITY = YES_AGGRESSIVE;
				CLANG_WARN_UNREACHABLE_CODE = YES;
				CLANG_WARN__DUPLICATE_METHOD_MATCH = YES;
				COPY_PHASE_STRIP = NO;
				DEBUG_INFORMATION_FORMAT = "dwarf-with-dsym";
				ENABLE_NS_ASSERTIONS = NO;
				ENABLE_STRICT_OBJC_MSGSEND = YES;
				ENABLE_USER_SCRIPT_SANDBOXING = YES;
				GCC_C_LANGUAGE_STANDARD = gnu17;
				GCC_NO_COMMON_BLOCKS = YES;
				GCC_WARN_64_TO_32_BIT_CONVERSION = YES;
				GCC_WARN_ABOUT_RETURN_TYPE = YES_ERROR;
				GCC_WARN_UNDECLARED_SELECTOR = YES;
				GCC_WARN_UNINITIALIZED_AUTOS = YES_AGGRESSIVE;
				GCC_WARN_UNUSED_FUNCTION = YES;
				GCC_WARN_UNUSED_VARIABLE = YES;
				IPHONEOS_DEPLOYMENT_TARGET = 17.2;
				LOCALIZATION_PREFERS_STRING_CATALOGS = YES;
				MTL_ENABLE_DEBUG_INFO = NO;
				MTL_FAST_MATH = YES;
				SWIFT_COMPILATION_MODE = wholemodule;
			};
			name = Release;
		};
		D826DC782B712D0F005A6723 /* Debug */ = {
			isa = XCBuildConfiguration;
			baseConfigurationReference = D826DC8F2B76437C005A6723 /* Config.xcconfig */;
			buildSettings = {
				ASSETCATALOG_COMPILER_APPICON_NAME = AppIcon;
				ASSETCATALOG_COMPILER_GLOBAL_ACCENT_COLOR_NAME = AccentColor;
				CODE_SIGN_ENTITLEMENTS = "garage-ios/garage_ios.entitlements";
				CODE_SIGN_STYLE = Automatic;
				CURRENT_PROJECT_VERSION = 1;
				DEVELOPMENT_ASSET_PATHS = "\"garage-ios/Preview Content\"";
				ENABLE_PREVIEWS = YES;
				GENERATE_INFOPLIST_FILE = YES;
				INFOPLIST_FILE = "garage-ios/Info.plist";
				"INFOPLIST_KEY_UIApplicationSceneManifest_Generation[sdk=iphoneos*]" = YES;
				"INFOPLIST_KEY_UIApplicationSceneManifest_Generation[sdk=iphonesimulator*]" = YES;
				"INFOPLIST_KEY_UIApplicationSupportsIndirectInputEvents[sdk=iphoneos*]" = YES;
				"INFOPLIST_KEY_UIApplicationSupportsIndirectInputEvents[sdk=iphonesimulator*]" = YES;
				"INFOPLIST_KEY_UILaunchScreen_Generation[sdk=iphoneos*]" = YES;
				"INFOPLIST_KEY_UILaunchScreen_Generation[sdk=iphonesimulator*]" = YES;
				"INFOPLIST_KEY_UIStatusBarStyle[sdk=iphoneos*]" = UIStatusBarStyleDefault;
				"INFOPLIST_KEY_UIStatusBarStyle[sdk=iphonesimulator*]" = UIStatusBarStyleDefault;
				INFOPLIST_KEY_UISupportedInterfaceOrientations_iPad = "UIInterfaceOrientationPortrait UIInterfaceOrientationPortraitUpsideDown UIInterfaceOrientationLandscapeLeft UIInterfaceOrientationLandscapeRight";
				INFOPLIST_KEY_UISupportedInterfaceOrientations_iPhone = "UIInterfaceOrientationPortrait UIInterfaceOrientationLandscapeLeft UIInterfaceOrientationLandscapeRight";
				IPHONEOS_DEPLOYMENT_TARGET = 17.2;
				LD_RUNPATH_SEARCH_PATHS = "@executable_path/Frameworks";
				"LD_RUNPATH_SEARCH_PATHS[sdk=macosx*]" = "@executable_path/../Frameworks";
				MACOSX_DEPLOYMENT_TARGET = 14.2;
				MARKETING_VERSION = 1.0;
				PRODUCT_BUNDLE_IDENTIFIER = "strivacity.garage-ios";
				PRODUCT_NAME = "$(TARGET_NAME)";
				SDKROOT = auto;
				SUPPORTED_PLATFORMS = "iphoneos iphonesimulator macosx";
				SWIFT_EMIT_LOC_STRINGS = YES;
				SWIFT_VERSION = 5.0;
				TARGETED_DEVICE_FAMILY = "1,2";
			};
			name = Debug;
		};
		D826DC792B712D0F005A6723 /* Release */ = {
			isa = XCBuildConfiguration;
			baseConfigurationReference = D826DC8F2B76437C005A6723 /* Config.xcconfig */;
			buildSettings = {
				ASSETCATALOG_COMPILER_APPICON_NAME = AppIcon;
				ASSETCATALOG_COMPILER_GLOBAL_ACCENT_COLOR_NAME = AccentColor;
				CODE_SIGN_ENTITLEMENTS = "garage-ios/garage_ios.entitlements";
				CODE_SIGN_STYLE = Automatic;
				CURRENT_PROJECT_VERSION = 1;
				DEVELOPMENT_ASSET_PATHS = "\"garage-ios/Preview Content\"";
				ENABLE_PREVIEWS = YES;
				GENERATE_INFOPLIST_FILE = YES;
				INFOPLIST_FILE = "garage-ios/Info.plist";
				"INFOPLIST_KEY_UIApplicationSceneManifest_Generation[sdk=iphoneos*]" = YES;
				"INFOPLIST_KEY_UIApplicationSceneManifest_Generation[sdk=iphonesimulator*]" = YES;
				"INFOPLIST_KEY_UIApplicationSupportsIndirectInputEvents[sdk=iphoneos*]" = YES;
				"INFOPLIST_KEY_UIApplicationSupportsIndirectInputEvents[sdk=iphonesimulator*]" = YES;
				"INFOPLIST_KEY_UILaunchScreen_Generation[sdk=iphoneos*]" = YES;
				"INFOPLIST_KEY_UILaunchScreen_Generation[sdk=iphonesimulator*]" = YES;
				"INFOPLIST_KEY_UIStatusBarStyle[sdk=iphoneos*]" = UIStatusBarStyleDefault;
				"INFOPLIST_KEY_UIStatusBarStyle[sdk=iphonesimulator*]" = UIStatusBarStyleDefault;
				INFOPLIST_KEY_UISupportedInterfaceOrientations_iPad = "UIInterfaceOrientationPortrait UIInterfaceOrientationPortraitUpsideDown UIInterfaceOrientationLandscapeLeft UIInterfaceOrientationLandscapeRight";
				INFOPLIST_KEY_UISupportedInterfaceOrientations_iPhone = "UIInterfaceOrientationPortrait UIInterfaceOrientationLandscapeLeft UIInterfaceOrientationLandscapeRight";
				IPHONEOS_DEPLOYMENT_TARGET = 17.2;
				LD_RUNPATH_SEARCH_PATHS = "@executable_path/Frameworks";
				"LD_RUNPATH_SEARCH_PATHS[sdk=macosx*]" = "@executable_path/../Frameworks";
				MACOSX_DEPLOYMENT_TARGET = 14.2;
				MARKETING_VERSION = 1.0;
				PRODUCT_BUNDLE_IDENTIFIER = "strivacity.garage-ios";
				PRODUCT_NAME = "$(TARGET_NAME)";
				SDKROOT = auto;
				SUPPORTED_PLATFORMS = "iphoneos iphonesimulator macosx";
				SWIFT_EMIT_LOC_STRINGS = YES;
				SWIFT_VERSION = 5.0;
				TARGETED_DEVICE_FAMILY = "1,2";
			};
			name = Release;
		};
		D826DCB32B7CE3B4005A6723 /* Debug */ = {
			isa = XCBuildConfiguration;
			buildSettings = {
				BUNDLE_LOADER = "$(TEST_HOST)";
				CODE_SIGN_STYLE = Automatic;
				CURRENT_PROJECT_VERSION = 1;
				GENERATE_INFOPLIST_FILE = YES;
				MARKETING_VERSION = 1.0;
				PRODUCT_BUNDLE_IDENTIFIER = "strivacity.garage-iosTests";
				PRODUCT_NAME = "$(TARGET_NAME)";
				SDKROOT = iphoneos;
				SWIFT_EMIT_LOC_STRINGS = NO;
				SWIFT_VERSION = 5.0;
				TARGETED_DEVICE_FAMILY = "1,2";
				TEST_HOST = "$(BUILT_PRODUCTS_DIR)/garage-ios.app/$(BUNDLE_EXECUTABLE_FOLDER_PATH)/garage-ios";
			};
			name = Debug;
		};
		D826DCB42B7CE3B4005A6723 /* Release */ = {
			isa = XCBuildConfiguration;
			buildSettings = {
				BUNDLE_LOADER = "$(TEST_HOST)";
				CODE_SIGN_STYLE = Automatic;
				CURRENT_PROJECT_VERSION = 1;
				GENERATE_INFOPLIST_FILE = YES;
				MARKETING_VERSION = 1.0;
				PRODUCT_BUNDLE_IDENTIFIER = "strivacity.garage-iosTests";
				PRODUCT_NAME = "$(TARGET_NAME)";
				SDKROOT = iphoneos;
				SWIFT_EMIT_LOC_STRINGS = NO;
				SWIFT_VERSION = 5.0;
				TARGETED_DEVICE_FAMILY = "1,2";
				TEST_HOST = "$(BUILT_PRODUCTS_DIR)/garage-ios.app/$(BUNDLE_EXECUTABLE_FOLDER_PATH)/garage-ios";
				VALIDATE_PRODUCT = YES;
			};
			name = Release;
		};
/* End XCBuildConfiguration section */

/* Begin XCConfigurationList section */
		D826DC4D2B712D0E005A6723 /* Build configuration list for PBXProject "garage-ios" */ = {
			isa = XCConfigurationList;
			buildConfigurations = (
				D826DC752B712D0F005A6723 /* Debug */,
				D826DC762B712D0F005A6723 /* Release */,
			);
			defaultConfigurationIsVisible = 0;
			defaultConfigurationName = Release;
		};
		D826DC772B712D0F005A6723 /* Build configuration list for PBXNativeTarget "garage-ios" */ = {
			isa = XCConfigurationList;
			buildConfigurations = (
				D826DC782B712D0F005A6723 /* Debug */,
				D826DC792B712D0F005A6723 /* Release */,
			);
			defaultConfigurationIsVisible = 0;
			defaultConfigurationName = Release;
		};
		D826DCB22B7CE3B4005A6723 /* Build configuration list for PBXNativeTarget "garage-iosTests" */ = {
			isa = XCConfigurationList;
			buildConfigurations = (
				D826DCB32B7CE3B4005A6723 /* Debug */,
				D826DCB42B7CE3B4005A6723 /* Release */,
			);
			defaultConfigurationIsVisible = 0;
			defaultConfigurationName = Release;
		};
/* End XCConfigurationList section */

/* Begin XCRemoteSwiftPackageReference section */
		D826DC802B712E04005A6723 /* XCRemoteSwiftPackageReference "sdk-mobile-ios" */ = {
			isa = XCRemoteSwiftPackageReference;
			repositoryURL = "https://github.com/Strivacity/sdk-mobile-ios.git";
			requirement = {
				branch = main;
				kind = branch;
			};
		};
/* End XCRemoteSwiftPackageReference section */

/* Begin XCSwiftPackageProductDependency section */
		D826DC812B712E04005A6723 /* StrivacitySDK */ = {
			isa = XCSwiftPackageProductDependency;
			package = D826DC802B712E04005A6723 /* XCRemoteSwiftPackageReference "sdk-mobile-ios" */;
			productName = StrivacitySDK;
		};
/* End XCSwiftPackageProductDependency section */
	};
	rootObject = D826DC4A2B712D0E005A6723 /* Project object */;
}
